// !$*UTF8*$!
{
	archiveVersion = 1;
	classes = {
	};
	objectVersion = 46;
	objects = {

/* Begin PBXBuildFile section */
		177614C7187B045E000B3618 /* main.cpp in Sources */ = {isa = PBXBuildFile; fileRef = 177614C6187B045E000B3618 /* main.cpp */; };
		177614C9187B045E000B3618 /* ScreenTest.1 in CopyFiles */ = {isa = PBXBuildFile; fileRef = 177614C8187B045E000B3618 /* ScreenTest.1 */; };
		177614D0187B09F8000B3618 /* ApplicationServices.framework in Frameworks */ = {isa = PBXBuildFile; fileRef = 177614CF187B09F8000B3618 /* ApplicationServices.framework */; };
/* End PBXBuildFile section */

/* Begin PBXCopyFilesBuildPhase section */
		177614C1187B045E000B3618 /* CopyFiles */ = {
			isa = PBXCopyFilesBuildPhase;
			buildActionMask = 2147483647;
			dstPath = /usr/share/man/man1/;
			dstSubfolderSpec = 0;
			files = (
				177614C9187B045E000B3618 /* ScreenTest.1 in CopyFiles */,
			);
			runOnlyForDeploymentPostprocessing = 1;
		};
/* End PBXCopyFilesBuildPhase section */

/* Begin PBXFileReference section */
		177614C3187B045E000B3618 /* ScreenTest */ = {isa = PBXFileReference; explicitFileType = "compiled.mach-o.executable"; includeInIndex = 0; path = ScreenTest; sourceTree = BUILT_PRODUCTS_DIR; };
		177614C6187B045E000B3618 /* main.cpp */ = {isa = PBXFileReference; lastKnownFileType = sourcecode.cpp.cpp; path = main.cpp; sourceTree = "<group>"; };
		177614C8187B045E000B3618 /* ScreenTest.1 */ = {isa = PBXFileReference; lastKnownFileType = text.man; path = ScreenTest.1; sourceTree = "<group>"; };
		177614CF187B09F8000B3618 /* ApplicationServices.framework */ = {isa = PBXFileReference; lastKnownFileType = wrapper.framework; name = ApplicationServices.framework; path = System/Library/Frameworks/ApplicationServices.framework; sourceTree = SDKROOT; };
/* End PBXFileReference section */

/* Begin PBXFrameworksBuildPhase section */
		177614C0187B045E000B3618 /* Frameworks */ = {
			isa = PBXFrameworksBuildPhase;
			buildActionMask = 2147483647;
			files = (
				177614D0187B09F8000B3618 /* ApplicationServices.framework in Frameworks */,
			);
			runOnlyForDeploymentPostprocessing = 0;
		};
/* End PBXFrameworksBuildPhase section */

/* Begin PBXGroup section */
		177614BA187B045E000B3618 = {
			isa = PBXGroup;
			children = (
				177614CF187B09F8000B3618 /* ApplicationServices.framework */,
				177614C5187B045E000B3618 /* ScreenTest */,
				177614C4187B045E000B3618 /* Products */,
			);
			sourceTree = "<group>";
		};
		177614C4187B045E000B3618 /* Products */ = {
			isa = PBXGroup;
			children = (
				177614C3187B045E000B3618 /* ScreenTest */,
			);
			name = Products;
			sourceTree = "<group>";
		};
		177614C5187B045E000B3618 /* ScreenTest */ = {
			isa = PBXGroup;
			children = (
				177614C6187B045E000B3618 /* main.cpp */,
				177614C8187B045E000B3618 /* ScreenTest.1 */,
			);
			path = ScreenTest;
			sourceTree = "<group>";
		};
/* End PBXGroup section */

/* Begin PBXNativeTarget section */
		177614C2187B045E000B3618 /* ScreenTest */ = {
			isa = PBXNativeTarget;
			buildConfigurationList = 177614CC187B045E000B3618 /* Build configuration list for PBXNativeTarget "ScreenTest" */;
			buildPhases = (
				177614BF187B045E000B3618 /* Sources */,
				177614C0187B045E000B3618 /* Frameworks */,
				177614C1187B045E000B3618 /* CopyFiles */,
			);
			buildRules = (
			);
			dependencies = (
			);
			name = ScreenTest;
			productName = ScreenTest;
			productReference = 177614C3187B045E000B3618 /* ScreenTest */;
			productType = "com.apple.product-type.tool";
		};
/* End PBXNativeTarget section */

/* Begin PBXProject section */
		177614BB187B045E000B3618 /* Project object */ = {
			isa = PBXProject;
			attributes = {
				LastUpgradeCheck = 0500;
				ORGANIZATIONNAME = "John McCaughey";
			};
			buildConfigurationList = 177614BE187B045E000B3618 /* Build configuration list for PBXProject "ScreenTest" */;
			compatibilityVersion = "Xcode 3.2";
			developmentRegion = English;
			hasScannedForEncodings = 0;
			knownRegions = (
				en,
			);
			mainGroup = 177614BA187B045E000B3618;
			productRefGroup = 177614C4187B045E000B3618 /* Products */;
			projectDirPath = "";
			projectRoot = "";
			targets = (
				177614C2187B045E000B3618 /* ScreenTest */,
			);
		};
/* End PBXProject section */

/* Begin PBXSourcesBuildPhase section */
		177614BF187B045E000B3618 /* Sources */ = {
			isa = PBXSourcesBuildPhase;
			buildActionMask = 2147483647;
			files = (
				177614C7187B045E000B3618 /* main.cpp in Sources */,
			);
			runOnlyForDeploymentPostprocessing = 0;
		};
/* End PBXSourcesBuildPhase section */

/* Begin XCBuildConfiguration section */
		177614CA187B045E000B3618 /* Debug */ = {
			isa = XCBuildConfiguration;
			buildSettings = {
				ALWAYS_SEARCH_USER_PATHS = NO;
				CLANG_CXX_LANGUAGE_STANDARD = "gnu++0x";
				CLANG_CXX_LIBRARY = "libc++";
				CLANG_ENABLE_OBJC_ARC = YES;
				CLANG_WARN_BOOL_CONVERSION = YES;
				CLANG_WARN_CONSTANT_CONVERSION = YES;
				CLANG_WARN_DIRECT_OBJC_ISA_USAGE = YES_ERROR;
				CLANG_WARN_EMPTY_BODY = YES;
				CLANG_WARN_ENUM_CONVERSION = YES;
				CLANG_WARN_INT_CONVERSION = YES;
				CLANG_WARN_OBJC_ROOT_CLASS = YES_ERROR;
				CLANG_WARN__DUPLICATE_METHOD_MATCH = YES;
				COPY_PHASE_STRIP = NO;
				GCC_C_LANGUAGE_STANDARD = gnu99;
				GCC_DYNAMIC_NO_PIC = NO;
				GCC_ENABLE_OBJC_EXCEPTIONS = YES;
				GCC_OPTIMIZATION_LEVEL = 0;
				GCC_PREPROCESSOR_DEFINITIONS = (
					"DEBUG=1",
					"$(inherited)",
				);
				GCC_SYMBOLS_PRIVATE_EXTERN = NO;
				GCC_WARN_64_TO_32_BIT_CONVERSION = YES;
				GCC_WARN_ABOUT_RETURN_TYPE = YES_ERROR;
				GCC_WARN_UNDECLARED_SELECTOR = YES;
				GCC_WARN_UNINITIALIZED_AUTOS = YES;
				GCC_WARN_UNUSED_FUNCTION = YES;
				GCC_WARN_UNUSED_VARIABLE = YES;
				MACOSX_DEPLOYMENT_TARGET = 10.8;
				ONLY_ACTIVE_ARCH = YES;
				SDKROOT = macosx;
			};
			name = Debug;
		};
		177614CB187B045E000B3618 /* Release */ = {
			isa = XCBuildConfiguration;
			buildSettings = {
				ALWAYS_SEARCH_USER_PATHS = NO;
				CLANG_CXX_LANGUAGE_STANDARD = "gnu++0x";
				CLANG_CXX_LIBRARY = "libc++";
				CLANG_ENABLE_OBJC_ARC = YES;
				CLANG_WARN_BOOL_CONVERSION = YES;
				CLANG_WARN_CONSTANT_CONVERSION = YES;
				CLANG_WARN_DIRECT_OBJC_ISA_USAGE = YES_ERROR;
				CLANG_WARN_EMPTY_BODY = YES;
				CLANG_WARN_ENUM_CONVERSION = YES;
				CLANG_WARN_INT_CONVERSION = YES;
				CLANG_WARN_OBJC_ROOT_CLASS = YES_ERROR;
				CLANG_WARN__DUPLICATE_METHOD_MATCH = YES;
				COPY_PHASE_STRIP = YES;
				DEBUG_INFORMATION_FORMAT = "dwarf-with-dsym";
				ENABLE_NS_ASSERTIONS = NO;
				GCC_C_LANGUAGE_STANDARD = gnu99;
				GCC_ENABLE_OBJC_EXCEPTIONS = YES;
				GCC_WARN_64_TO_32_BIT_CONVERSION = YES;
				GCC_WARN_ABOUT_RETURN_TYPE = YES_ERROR;
				GCC_WARN_UNDECLARED_SELECTOR = YES;
				GCC_WARN_UNINITIALIZED_AUTOS = YES;
				GCC_WARN_UNUSED_FUNCTION = YES;
				GCC_WARN_UNUSED_VARIABLE = YES;
				MACOSX_DEPLOYMENT_TARGET = 10.8;
				SDKROOT = macosx;
			};
			name = Release;
		};
		177614CD187B045E000B3618 /* Debug */ = {
			isa = XCBuildConfiguration;
			buildSettings = {
				OTHER_LDFLAGS = "";
				PRODUCT_NAME = "$(TARGET_NAME)";
			};
			name = Debug;
		};
		177614CE187B045E000B3618 /* Release */ = {
			isa = XCBuildConfiguration;
			buildSettings = {
				OTHER_LDFLAGS = "";
				PRODUCT_NAME = "$(TARGET_NAME)";
			};
			name = Release;
		};
/* End XCBuildConfiguration section */

/* Begin XCConfigurationList section */
		177614BE187B045E000B3618 /* Build configuration list for PBXProject "ScreenTest" */ = {
			isa = XCConfigurationList;
			buildConfigurations = (
				177614CA187B045E000B3618 /* Debug */,
				177614CB187B045E000B3618 /* Release */,
			);
			defaultConfigurationIsVisible = 0;
			defaultConfigurationName = Release;
		};
		177614CC187B045E000B3618 /* Build configuration list for PBXNativeTarget "ScreenTest" */ = {
			isa = XCConfigurationList;
			buildConfigurations = (
				177614CD187B045E000B3618 /* Debug */,
				177614CE187B045E000B3618 /* Release */,
			);
			defaultConfigurationIsVisible = 0;
		};
/* End XCConfigurationList section */
	};
	rootObject = 177614BB187B045E000B3618 /* Project object */;
}
