// !$*UTF8*$!
{
	archiveVersion = 1;
	classes = {
	};
	objectVersion = 46;
	objects = {

/* Begin PBXBuildFile section */
		1733A2FC1BBC3F96001EA325 /* HostLatencyInfo.cpp in Sources */ = {isa = PBXBuildFile; fileRef = 1733A2FA1BBC3F96001EA325 /* HostLatencyInfo.cpp */; settings = {ASSET_TAGS = (); }; };
		175B3D211BBA596300ECF062 /* main.cpp in Sources */ = {isa = PBXBuildFile; fileRef = 175B3D201BBA596300ECF062 /* main.cpp */; };
		175B3D281BBADB2100ECF062 /* libcurl.dylib in Frameworks */ = {isa = PBXBuildFile; fileRef = 175B3D271BBADB2100ECF062 /* libcurl.dylib */; settings = {ASSET_TAGS = (); }; };
		1762F9F11BBF544B0027688C /* LatencyChecker.cpp in Sources */ = {isa = PBXBuildFile; fileRef = 1762F9EF1BBF544B0027688C /* LatencyChecker.cpp */; settings = {ASSET_TAGS = (); }; };
/* End PBXBuildFile section */

/* Begin PBXCopyFilesBuildPhase section */
		175B3D1B1BBA596300ECF062 /* CopyFiles */ = {
			isa = PBXCopyFilesBuildPhase;
			buildActionMask = 2147483647;
			dstPath = /usr/share/man/man1/;
			dstSubfolderSpec = 0;
			files = (
			);
			runOnlyForDeploymentPostprocessing = 1;
		};
/* End PBXCopyFilesBuildPhase section */

/* Begin PBXFileReference section */
		1733A2FA1BBC3F96001EA325 /* HostLatencyInfo.cpp */ = {isa = PBXFileReference; fileEncoding = 4; lastKnownFileType = sourcecode.cpp.cpp; path = HostLatencyInfo.cpp; sourceTree = "<group>"; };
		1733A2FB1BBC3F96001EA325 /* HostLatencyInfo.hpp */ = {isa = PBXFileReference; fileEncoding = 4; lastKnownFileType = sourcecode.cpp.h; path = HostLatencyInfo.hpp; sourceTree = "<group>"; };
		175B3D1D1BBA596300ECF062 /* TimeUrl */ = {isa = PBXFileReference; explicitFileType = "compiled.mach-o.executable"; includeInIndex = 0; path = TimeUrl; sourceTree = BUILT_PRODUCTS_DIR; };
		175B3D201BBA596300ECF062 /* main.cpp */ = {isa = PBXFileReference; lastKnownFileType = sourcecode.cpp.cpp; path = main.cpp; sourceTree = "<group>"; };
		175B3D271BBADB2100ECF062 /* libcurl.dylib */ = {isa = PBXFileReference; lastKnownFileType = "compiled.mach-o.dylib"; name = libcurl.dylib; path = ../../../../../usr/lib/libcurl.dylib; sourceTree = "<group>"; };
		1762F9EF1BBF544B0027688C /* LatencyChecker.cpp */ = {isa = PBXFileReference; fileEncoding = 4; lastKnownFileType = sourcecode.cpp.cpp; path = LatencyChecker.cpp; sourceTree = "<group>"; };
		1762F9F01BBF544B0027688C /* LatencyChecker.hpp */ = {isa = PBXFileReference; fileEncoding = 4; lastKnownFileType = sourcecode.cpp.h; path = LatencyChecker.hpp; sourceTree = "<group>"; };
/* End PBXFileReference section */

/* Begin PBXFrameworksBuildPhase section */
		175B3D1A1BBA596300ECF062 /* Frameworks */ = {
			isa = PBXFrameworksBuildPhase;
			buildActionMask = 2147483647;
			files = (
				175B3D281BBADB2100ECF062 /* libcurl.dylib in Frameworks */,
			);
			runOnlyForDeploymentPostprocessing = 0;
		};
/* End PBXFrameworksBuildPhase section */

/* Begin PBXGroup section */
		175B3D141BBA596300ECF062 = {
			isa = PBXGroup;
			children = (
				175B3D271BBADB2100ECF062 /* libcurl.dylib */,
				175B3D1F1BBA596300ECF062 /* TimeUrl */,
				175B3D1E1BBA596300ECF062 /* Products */,
			);
			sourceTree = "<group>";
		};
		175B3D1E1BBA596300ECF062 /* Products */ = {
			isa = PBXGroup;
			children = (
				175B3D1D1BBA596300ECF062 /* TimeUrl */,
			);
			name = Products;
			sourceTree = "<group>";
		};
		175B3D1F1BBA596300ECF062 /* TimeUrl */ = {
			isa = PBXGroup;
			children = (
				175B3D201BBA596300ECF062 /* main.cpp */,
				1733A2FA1BBC3F96001EA325 /* HostLatencyInfo.cpp */,
				1733A2FB1BBC3F96001EA325 /* HostLatencyInfo.hpp */,
				1762F9EF1BBF544B0027688C /* LatencyChecker.cpp */,
				1762F9F01BBF544B0027688C /* LatencyChecker.hpp */,
			);
			path = TimeUrl;
			sourceTree = "<group>";
		};
/* End PBXGroup section */

/* Begin PBXNativeTarget section */
		175B3D1C1BBA596300ECF062 /* TimeUrl */ = {
			isa = PBXNativeTarget;
			buildConfigurationList = 175B3D241BBA596300ECF062 /* Build configuration list for PBXNativeTarget "TimeUrl" */;
			buildPhases = (
				175B3D191BBA596300ECF062 /* Sources */,
				175B3D1A1BBA596300ECF062 /* Frameworks */,
				175B3D1B1BBA596300ECF062 /* CopyFiles */,
			);
			buildRules = (
			);
			dependencies = (
			);
			name = TimeUrl;
			productName = TimeUrl;
			productReference = 175B3D1D1BBA596300ECF062 /* TimeUrl */;
			productType = "com.apple.product-type.tool";
		};
/* End PBXNativeTarget section */

/* Begin PBXProject section */
		175B3D151BBA596300ECF062 /* Project object */ = {
			isa = PBXProject;
			attributes = {
				LastUpgradeCheck = 0700;
				ORGANIZATIONNAME = "John McCaughey";
				TargetAttributes = {
					175B3D1C1BBA596300ECF062 = {
						CreatedOnToolsVersion = 7.0;
					};
				};
			};
			buildConfigurationList = 175B3D181BBA596300ECF062 /* Build configuration list for PBXProject "TimeUrl" */;
			compatibilityVersion = "Xcode 3.2";
			developmentRegion = English;
			hasScannedForEncodings = 0;
			knownRegions = (
				en,
			);
			mainGroup = 175B3D141BBA596300ECF062;
			productRefGroup = 175B3D1E1BBA596300ECF062 /* Products */;
			projectDirPath = "";
			projectRoot = "";
			targets = (
				175B3D1C1BBA596300ECF062 /* TimeUrl */,
			);
		};
/* End PBXProject section */

/* Begin PBXSourcesBuildPhase section */
		175B3D191BBA596300ECF062 /* Sources */ = {
			isa = PBXSourcesBuildPhase;
			buildActionMask = 2147483647;
			files = (
				1733A2FC1BBC3F96001EA325 /* HostLatencyInfo.cpp in Sources */,
				175B3D211BBA596300ECF062 /* main.cpp in Sources */,
				1762F9F11BBF544B0027688C /* LatencyChecker.cpp in Sources */,
			);
			runOnlyForDeploymentPostprocessing = 0;
		};
/* End PBXSourcesBuildPhase section */

/* Begin XCBuildConfiguration section */
		175B3D221BBA596300ECF062 /* Debug */ = {
			isa = XCBuildConfiguration;
			buildSettings = {
				ALWAYS_SEARCH_USER_PATHS = NO;
				CLANG_CXX_LANGUAGE_STANDARD = "gnu++0x";
				CLANG_CXX_LIBRARY = "libc++";
				CLANG_ENABLE_MODULES = YES;
				CLANG_ENABLE_OBJC_ARC = YES;
				CLANG_WARN_BOOL_CONVERSION = YES;
				CLANG_WARN_CONSTANT_CONVERSION = YES;
				CLANG_WARN_DIRECT_OBJC_ISA_USAGE = YES_ERROR;
				CLANG_WARN_EMPTY_BODY = YES;
				CLANG_WARN_ENUM_CONVERSION = YES;
				CLANG_WARN_INT_CONVERSION = YES;
				CLANG_WARN_OBJC_ROOT_CLASS = YES_ERROR;
				CLANG_WARN_UNREACHABLE_CODE = YES;
				CLANG_WARN__DUPLICATE_METHOD_MATCH = YES;
				COPY_PHASE_STRIP = NO;
				DEBUG_INFORMATION_FORMAT = dwarf;
				ENABLE_STRICT_OBJC_MSGSEND = YES;
				ENABLE_TESTABILITY = YES;
				GCC_C_LANGUAGE_STANDARD = gnu99;
				GCC_DYNAMIC_NO_PIC = NO;
				GCC_NO_COMMON_BLOCKS = YES;
				GCC_OPTIMIZATION_LEVEL = 0;
				GCC_PREPROCESSOR_DEFINITIONS = (
					"DEBUG=1",
					"$(inherited)",
				);
				GCC_WARN_64_TO_32_BIT_CONVERSION = YES;
				GCC_WARN_ABOUT_RETURN_TYPE = YES_ERROR;
				GCC_WARN_UNDECLARED_SELECTOR = YES;
				GCC_WARN_UNINITIALIZED_AUTOS = YES_AGGRESSIVE;
				GCC_WARN_UNUSED_FUNCTION = YES;
				GCC_WARN_UNUSED_VARIABLE = YES;
				MACOSX_DEPLOYMENT_TARGET = 10.10;
				MTL_ENABLE_DEBUG_INFO = YES;
				ONLY_ACTIVE_ARCH = YES;
				SDKROOT = macosx;
			};
			name = Debug;
		};
		175B3D231BBA596300ECF062 /* Release */ = {
			isa = XCBuildConfiguration;
			buildSettings = {
				ALWAYS_SEARCH_USER_PATHS = NO;
				CLANG_CXX_LANGUAGE_STANDARD = "gnu++0x";
				CLANG_CXX_LIBRARY = "libc++";
				CLANG_ENABLE_MODULES = YES;
				CLANG_ENABLE_OBJC_ARC = YES;
				CLANG_WARN_BOOL_CONVERSION = YES;
				CLANG_WARN_CONSTANT_CONVERSION = YES;
				CLANG_WARN_DIRECT_OBJC_ISA_USAGE = YES_ERROR;
				CLANG_WARN_EMPTY_BODY = YES;
				CLANG_WARN_ENUM_CONVERSION = YES;
				CLANG_WARN_INT_CONVERSION = YES;
				CLANG_WARN_OBJC_ROOT_CLASS = YES_ERROR;
				CLANG_WARN_UNREACHABLE_CODE = YES;
				CLANG_WARN__DUPLICATE_METHOD_MATCH = YES;
				COPY_PHASE_STRIP = NO;
				DEBUG_INFORMATION_FORMAT = "dwarf-with-dsym";
				ENABLE_NS_ASSERTIONS = NO;
				ENABLE_STRICT_OBJC_MSGSEND = YES;
				GCC_C_LANGUAGE_STANDARD = gnu99;
				GCC_NO_COMMON_BLOCKS = YES;
				GCC_WARN_64_TO_32_BIT_CONVERSION = YES;
				GCC_WARN_ABOUT_RETURN_TYPE = YES_ERROR;
				GCC_WARN_UNDECLARED_SELECTOR = YES;
				GCC_WARN_UNINITIALIZED_AUTOS = YES_AGGRESSIVE;
				GCC_WARN_UNUSED_FUNCTION = YES;
				GCC_WARN_UNUSED_VARIABLE = YES;
				MACOSX_DEPLOYMENT_TARGET = 10.10;
				MTL_ENABLE_DEBUG_INFO = NO;
				SDKROOT = macosx;
			};
			name = Release;
		};
		175B3D251BBA596300ECF062 /* Debug */ = {
			isa = XCBuildConfiguration;
			buildSettings = {
				PRODUCT_NAME = "$(TARGET_NAME)";
			};
			name = Debug;
		};
		175B3D261BBA596300ECF062 /* Release */ = {
			isa = XCBuildConfiguration;
			buildSettings = {
				PRODUCT_NAME = "$(TARGET_NAME)";
			};
			name = Release;
		};
/* End XCBuildConfiguration section */

/* Begin XCConfigurationList section */
		175B3D181BBA596300ECF062 /* Build configuration list for PBXProject "TimeUrl" */ = {
			isa = XCConfigurationList;
			buildConfigurations = (
				175B3D221BBA596300ECF062 /* Debug */,
				175B3D231BBA596300ECF062 /* Release */,
			);
			defaultConfigurationIsVisible = 0;
			defaultConfigurationName = Release;
		};
		175B3D241BBA596300ECF062 /* Build configuration list for PBXNativeTarget "TimeUrl" */ = {
			isa = XCConfigurationList;
			buildConfigurations = (
				175B3D251BBA596300ECF062 /* Debug */,
				175B3D261BBA596300ECF062 /* Release */,
			);
			defaultConfigurationIsVisible = 0;
			defaultConfigurationName = Release;
		};
/* End XCConfigurationList section */
	};
	rootObject = 175B3D151BBA596300ECF062 /* Project object */;
}
